
Microsoft Visual Studio Solution File, Format Version 12.00
# Visual Studio 15
VisualStudioVersion = 15.0.26124.0
MinimumVisualStudioVersion = 15.0.26124.0
Project("{FAE04EC0-301F-11D3-BF4B-00C04F79EFBC}") = "Aspian.Persistence", "Aspian.Persistence\Aspian.Persistence.csproj", "{7B68C412-F8C2-4AD6-9DF3-9946F273B1DE}"
EndProject
Project("{FAE04EC0-301F-11D3-BF4B-00C04F79EFBC}") = "Aspian.Domain", "Aspian.Domain\Aspian.Domain.csproj", "{D9C25A37-16D6-4BDA-A31D-4408EBB93306}"
EndProject
Project("{FAE04EC0-301F-11D3-BF4B-00C04F79EFBC}") = "Aspian.Application.Core", "Aspian.Application.Core\Aspian.Application.Core.csproj", "{F1B7BCD2-4A4A-4F3C-A42C-A40E3E7C821F}"
EndProject
Project("{FAE04EC0-301F-11D3-BF4B-00C04F79EFBC}") = "Aspian.Web", "Aspian.Web\Aspian.Web.csproj", "{2873B209-FEF9-4430-B566-2EF68563A88F}"
EndProject
Project("{FAE04EC0-301F-11D3-BF4B-00C04F79EFBC}") = "Infrastructure", "Infrastructure\Infrastructure.csproj", "{99C65E74-1000-4187-A499-2104688EB752}"
EndProject
Global
	GlobalSection(SolutionConfigurationPlatforms) = preSolution
		Debug|Any CPU = Debug|Any CPU
		Debug|x64 = Debug|x64
		Debug|x86 = Debug|x86
		Release|Any CPU = Release|Any CPU
		Release|x64 = Release|x64
		Release|x86 = Release|x86
	EndGlobalSection
	GlobalSection(SolutionProperties) = preSolution
		HideSolutionNode = FALSE
	EndGlobalSection
	GlobalSection(ProjectConfigurationPlatforms) = postSolution
		{7B68C412-F8C2-4AD6-9DF3-9946F273B1DE}.Debug|Any CPU.ActiveCfg = Debug|Any CPU
		{7B68C412-F8C2-4AD6-9DF3-9946F273B1DE}.Debug|Any CPU.Build.0 = Debug|Any CPU
		{7B68C412-F8C2-4AD6-9DF3-9946F273B1DE}.Debug|x64.ActiveCfg = Debug|Any CPU
		{7B68C412-F8C2-4AD6-9DF3-9946F273B1DE}.Debug|x64.Build.0 = Debug|Any CPU
		{7B68C412-F8C2-4AD6-9DF3-9946F273B1DE}.Debug|x86.ActiveCfg = Debug|Any CPU
		{7B68C412-F8C2-4AD6-9DF3-9946F273B1DE}.Debug|x86.Build.0 = Debug|Any CPU
		{7B68C412-F8C2-4AD6-9DF3-9946F273B1DE}.Release|Any CPU.ActiveCfg = Release|Any CPU
		{7B68C412-F8C2-4AD6-9DF3-9946F273B1DE}.Release|Any CPU.Build.0 = Release|Any CPU
		{7B68C412-F8C2-4AD6-9DF3-9946F273B1DE}.Release|x64.ActiveCfg = Release|Any CPU
		{7B68C412-F8C2-4AD6-9DF3-9946F273B1DE}.Release|x64.Build.0 = Release|Any CPU
		{7B68C412-F8C2-4AD6-9DF3-9946F273B1DE}.Release|x86.ActiveCfg = Release|Any CPU
		{7B68C412-F8C2-4AD6-9DF3-9946F273B1DE}.Release|x86.Build.0 = Release|Any CPU
		{D9C25A37-16D6-4BDA-A31D-4408EBB93306}.Debug|Any CPU.ActiveCfg = Debug|Any CPU
		{D9C25A37-16D6-4BDA-A31D-4408EBB93306}.Debug|Any CPU.Build.0 = Debug|Any CPU
		{D9C25A37-16D6-4BDA-A31D-4408EBB93306}.Debug|x64.ActiveCfg = Debug|Any CPU
		{D9C25A37-16D6-4BDA-A31D-4408EBB93306}.Debug|x64.Build.0 = Debug|Any CPU
		{D9C25A37-16D6-4BDA-A31D-4408EBB93306}.Debug|x86.ActiveCfg = Debug|Any CPU
		{D9C25A37-16D6-4BDA-A31D-4408EBB93306}.Debug|x86.Build.0 = Debug|Any CPU
		{D9C25A37-16D6-4BDA-A31D-4408EBB93306}.Release|Any CPU.ActiveCfg = Release|Any CPU
		{D9C25A37-16D6-4BDA-A31D-4408EBB93306}.Release|Any CPU.Build.0 = Release|Any CPU
		{D9C25A37-16D6-4BDA-A31D-4408EBB93306}.Release|x64.ActiveCfg = Release|Any CPU
		{D9C25A37-16D6-4BDA-A31D-4408EBB93306}.Release|x64.Build.0 = Release|Any CPU
		{D9C25A37-16D6-4BDA-A31D-4408EBB93306}.Release|x86.ActiveCfg = Release|Any CPU
		{D9C25A37-16D6-4BDA-A31D-4408EBB93306}.Release|x86.Build.0 = Release|Any CPU
		{F1B7BCD2-4A4A-4F3C-A42C-A40E3E7C821F}.Debug|Any CPU.ActiveCfg = Debug|Any CPU
		{F1B7BCD2-4A4A-4F3C-A42C-A40E3E7C821F}.Debug|Any CPU.Build.0 = Debug|Any CPU
		{F1B7BCD2-4A4A-4F3C-A42C-A40E3E7C821F}.Debug|x64.ActiveCfg = Debug|Any CPU
		{F1B7BCD2-4A4A-4F3C-A42C-A40E3E7C821F}.Debug|x64.Build.0 = Debug|Any CPU
		{F1B7BCD2-4A4A-4F3C-A42C-A40E3E7C821F}.Debug|x86.ActiveCfg = Debug|Any CPU
		{F1B7BCD2-4A4A-4F3C-A42C-A40E3E7C821F}.Debug|x86.Build.0 = Debug|Any CPU
		{F1B7BCD2-4A4A-4F3C-A42C-A40E3E7C821F}.Release|Any CPU.ActiveCfg = Release|Any CPU
		{F1B7BCD2-4A4A-4F3C-A42C-A40E3E7C821F}.Release|Any CPU.Build.0 = Release|Any CPU
		{F1B7BCD2-4A4A-4F3C-A42C-A40E3E7C821F}.Release|x64.ActiveCfg = Release|Any CPU
		{F1B7BCD2-4A4A-4F3C-A42C-A40E3E7C821F}.Release|x64.Build.0 = Release|Any CPU
		{F1B7BCD2-4A4A-4F3C-A42C-A40E3E7C821F}.Release|x86.ActiveCfg = Release|Any CPU
		{F1B7BCD2-4A4A-4F3C-A42C-A40E3E7C821F}.Release|x86.Build.0 = Release|Any CPU
		{2873B209-FEF9-4430-B566-2EF68563A88F}.Debug|Any CPU.ActiveCfg = Debug|Any CPU
		{2873B209-FEF9-4430-B566-2EF68563A88F}.Debug|Any CPU.Build.0 = Debug|Any CPU
		{2873B209-FEF9-4430-B566-2EF68563A88F}.Debug|x64.ActiveCfg = Debug|Any CPU
		{2873B209-FEF9-4430-B566-2EF68563A88F}.Debug|x64.Build.0 = Debug|Any CPU
		{2873B209-FEF9-4430-B566-2EF68563A88F}.Debug|x86.ActiveCfg = Debug|Any CPU
		{2873B209-FEF9-4430-B566-2EF68563A88F}.Debug|x86.Build.0 = Debug|Any CPU
		{2873B209-FEF9-4430-B566-2EF68563A88F}.Release|Any CPU.ActiveCfg = Release|Any CPU
		{2873B209-FEF9-4430-B566-2EF68563A88F}.Release|Any CPU.Build.0 = Release|Any CPU
		{2873B209-FEF9-4430-B566-2EF68563A88F}.Release|x64.ActiveCfg = Release|Any CPU
		{2873B209-FEF9-4430-B566-2EF68563A88F}.Release|x64.Build.0 = Release|Any CPU
		{2873B209-FEF9-4430-B566-2EF68563A88F}.Release|x86.ActiveCfg = Release|Any CPU
		{2873B209-FEF9-4430-B566-2EF68563A88F}.Release|x86.Build.0 = Release|Any CPU
		{99C65E74-1000-4187-A499-2104688EB752}.Debug|Any CPU.ActiveCfg = Debug|Any CPU
		{99C65E74-1000-4187-A499-2104688EB752}.Debug|Any CPU.Build.0 = Debug|Any CPU
		{99C65E74-1000-4187-A499-2104688EB752}.Debug|x64.ActiveCfg = Debug|Any CPU
		{99C65E74-1000-4187-A499-2104688EB752}.Debug|x64.Build.0 = Debug|Any CPU
		{99C65E74-1000-4187-A499-2104688EB752}.Debug|x86.ActiveCfg = Debug|Any CPU
		{99C65E74-1000-4187-A499-2104688EB752}.Debug|x86.Build.0 = Debug|Any CPU
		{99C65E74-1000-4187-A499-2104688EB752}.Release|Any CPU.ActiveCfg = Release|Any CPU
		{99C65E74-1000-4187-A499-2104688EB752}.Release|Any CPU.Build.0 = Release|Any CPU
		{99C65E74-1000-4187-A499-2104688EB752}.Release|x64.ActiveCfg = Release|Any CPU
		{99C65E74-1000-4187-A499-2104688EB752}.Release|x64.Build.0 = Release|Any CPU
		{99C65E74-1000-4187-A499-2104688EB752}.Release|x86.ActiveCfg = Release|Any CPU
		{99C65E74-1000-4187-A499-2104688EB752}.Release|x86.Build.0 = Release|Any CPU
	EndGlobalSection
EndGlobal
